
Microsoft Visual Studio Solution File, Format Version 12.00
# Visual Studio Version 16
VisualStudioVersion = 16.0.29609.76
MinimumVisualStudioVersion = 10.0.40219.1
Project("{FAE04EC0-301F-11D3-BF4B-00C04F79EFBC}") = "ODataBatchResponseSample", "ODataBatchResponseSample.csproj", "{F8D29257-A695-4619-8021-ECBF3324A2F5}"
EndProject
Project("{FAE04EC0-301F-11D3-BF4B-00C04F79EFBC}") = "BatchTest", "..\BatchTest\BatchTest.csproj", "{9E6FA58D-5BBB-4DCB-B1B7-D49BF6FD8423}"
EndProject
Global
	GlobalSection(SolutionConfigurationPlatforms) = preSolution
		Debug|Any CPU = Debug|Any CPU
		Release|Any CPU = Release|Any CPU
	EndGlobalSection
	GlobalSection(ProjectConfigurationPlatforms) = postSolution
		{F8D29257-A695-4619-8021-ECBF3324A2F5}.Debug|Any CPU.ActiveCfg = Debug|Any CPU
		{F8D29257-A695-4619-8021-ECBF3324A2F5}.Debug|Any CPU.Build.0 = Debug|Any CPU
		{F8D29257-A695-4619-8021-ECBF3324A2F5}.Release|Any CPU.ActiveCfg = Release|Any CPU
		{F8D29257-A695-4619-8021-ECBF3324A2F5}.Release|Any CPU.Build.0 = Release|Any CPU
		{9E6FA58D-5BBB-4DCB-B1B7-D49BF6FD8423}.Debug|Any CPU.ActiveCfg = Debug|Any CPU
		{9E6FA58D-5BBB-4DCB-B1B7-D49BF6FD8423}.Debug|Any CPU.Build.0 = Debug|Any CPU
		{9E6FA58D-5BBB-4DCB-B1B7-D49BF6FD8423}.Release|Any CPU.ActiveCfg = Release|Any CPU
		{9E6FA58D-5BBB-4DCB-B1B7-D49BF6FD8423}.Release|Any CPU.Build.0 = Release|Any CPU
	EndGlobalSection
	GlobalSection(SolutionProperties) = preSolution
		HideSolutionNode = FALSE
	EndGlobalSection
	GlobalSection(ExtensibilityGlobals) = postSolution
		SolutionGuid = {67C12F7C-3894-485B-8FE5-4762DDD1FC23}
	EndGlobalSection
EndGlobal
